
Microsoft Visual Studio Solution File, Format Version 12.00
# Visual Studio Version 17
VisualStudioVersion = 17.9.34616.47
MinimumVisualStudioVersion = 10.0.40219.1
Project("{9A19103F-16F7-4668-BE54-9A1E7A4F7556}") = "454Web", "454Web\454Web.csproj", "{616D958B-6A4A-4225-86B5-53F55247E90C}"
EndProject
Project("{9A19103F-16F7-4668-BE54-9A1E7A4F7556}") = "454WebRazor_Temp", "454WebRazor_Temp\454WebRazor_Temp.csproj", "{37809092-BA64-4D6A-AD3E-C0D2F035FE34}"
EndProject
Project("{FAE04EC0-301F-11D3-BF4B-00C04F79EFBC}") = "454.DataAccess", "454.DataAccess\454.DataAccess.csproj", "{2DEE528B-EE10-4F04-8B21-B8597E76B75F}"
EndProject
Project("{FAE04EC0-301F-11D3-BF4B-00C04F79EFBC}") = "454.Models", "454.Models\454.Models.csproj", "{B1186E46-E467-415C-843B-9CBF9FC6CC1F}"
EndProject
Project("{FAE04EC0-301F-11D3-BF4B-00C04F79EFBC}") = "454.Utility", "454.Utility\454.Utility.csproj", "{9C066FEA-9B9C-43F4-9095-94F8EB01B513}"
EndProject
Global
	GlobalSection(SolutionConfigurationPlatforms) = preSolution
		Debug|Any CPU = Debug|Any CPU
		Release|Any CPU = Release|Any CPU
	EndGlobalSection
	GlobalSection(ProjectConfigurationPlatforms) = postSolution
		{616D958B-6A4A-4225-86B5-53F55247E90C}.Debug|Any CPU.ActiveCfg = Debug|Any CPU
		{616D958B-6A4A-4225-86B5-53F55247E90C}.Debug|Any CPU.Build.0 = Debug|Any CPU
		{616D958B-6A4A-4225-86B5-53F55247E90C}.Release|Any CPU.ActiveCfg = Release|Any CPU
		{616D958B-6A4A-4225-86B5-53F55247E90C}.Release|Any CPU.Build.0 = Release|Any CPU
		{37809092-BA64-4D6A-AD3E-C0D2F035FE34}.Debug|Any CPU.ActiveCfg = Debug|Any CPU
		{37809092-BA64-4D6A-AD3E-C0D2F035FE34}.Debug|Any CPU.Build.0 = Debug|Any CPU
		{37809092-BA64-4D6A-AD3E-C0D2F035FE34}.Release|Any CPU.ActiveCfg = Release|Any CPU
		{37809092-BA64-4D6A-AD3E-C0D2F035FE34}.Release|Any CPU.Build.0 = Release|Any CPU
		{2DEE528B-EE10-4F04-8B21-B8597E76B75F}.Debug|Any CPU.ActiveCfg = Debug|Any CPU
		{2DEE528B-EE10-4F04-8B21-B8597E76B75F}.Debug|Any CPU.Build.0 = Debug|Any CPU
		{2DEE528B-EE10-4F04-8B21-B8597E76B75F}.Release|Any CPU.ActiveCfg = Release|Any CPU
		{2DEE528B-EE10-4F04-8B21-B8597E76B75F}.Release|Any CPU.Build.0 = Release|Any CPU
		{B1186E46-E467-415C-843B-9CBF9FC6CC1F}.Debug|Any CPU.ActiveCfg = Debug|Any CPU
		{B1186E46-E467-415C-843B-9CBF9FC6CC1F}.Debug|Any CPU.Build.0 = Debug|Any CPU
		{B1186E46-E467-415C-843B-9CBF9FC6CC1F}.Release|Any CPU.ActiveCfg = Release|Any CPU
		{B1186E46-E467-415C-843B-9CBF9FC6CC1F}.Release|Any CPU.Build.0 = Release|Any CPU
		{9C066FEA-9B9C-43F4-9095-94F8EB01B513}.Debug|Any CPU.ActiveCfg = Debug|Any CPU
		{9C066FEA-9B9C-43F4-9095-94F8EB01B513}.Debug|Any CPU.Build.0 = Debug|Any CPU
		{9C066FEA-9B9C-43F4-9095-94F8EB01B513}.Release|Any CPU.ActiveCfg = Release|Any CPU
		{9C066FEA-9B9C-43F4-9095-94F8EB01B513}.Release|Any CPU.Build.0 = Release|Any CPU
	EndGlobalSection
	GlobalSection(SolutionProperties) = preSolution
		HideSolutionNode = FALSE
	EndGlobalSection
	GlobalSection(ExtensibilityGlobals) = postSolution
		SolutionGuid = {417336B0-EDD7-47BC-AA73-5CA12528FF26}
	EndGlobalSection
EndGlobal
